
Microsoft Visual Studio Solution File, Format Version 12.00
# Visual Studio 14
VisualStudioVersion = 14.0.25420.1
MinimumVisualStudioVersion = 10.0.40219.1
Project("{FAE04EC0-301F-11D3-BF4B-00C04F79EFBC}") = "Web", "Web\Web.csproj", "{800E53F9-FE66-40A6-96EA-341A0BEFDAAD}"
EndProject
Project("{FAE04EC0-301F-11D3-BF4B-00C04F79EFBC}") = "Entities", "Entities\Entities.csproj", "{D603BFA7-A252-4654-8B85-25A2606F4E7B}"
EndProject
Project("{FAE04EC0-301F-11D3-BF4B-00C04F79EFBC}") = "Models", "Models\Models.csproj", "{2BA60968-B19E-4987-A1F6-9A1F33C04516}"
EndProject
Project("{FAE04EC0-301F-11D3-BF4B-00C04F79EFBC}") = "Common", "Common\Common.csproj", "{372B7846-3431-41C3-B28E-6570CCF17989}"
EndProject
Project("{FAE04EC0-301F-11D3-BF4B-00C04F79EFBC}") = "XmlEntities", "XmlEntities\XmlEntities.csproj", "{C99155E6-AA4E-4A15-8CEA-FD8FDADFE4EA}"
EndProject
Project("{FAE04EC0-301F-11D3-BF4B-00C04F79EFBC}") = "BusinessLogic", "BusinessLogic\BusinessLogic.csproj", "{BB6FBE09-D387-45D4-B42F-37B594E2433A}"
EndProject
Global
	GlobalSection(SolutionConfigurationPlatforms) = preSolution
		Debug|Any CPU = Debug|Any CPU
		Release|Any CPU = Release|Any CPU
	EndGlobalSection
	GlobalSection(ProjectConfigurationPlatforms) = postSolution
		{800E53F9-FE66-40A6-96EA-341A0BEFDAAD}.Debug|Any CPU.ActiveCfg = Debug|Any CPU
		{800E53F9-FE66-40A6-96EA-341A0BEFDAAD}.Debug|Any CPU.Build.0 = Debug|Any CPU
		{800E53F9-FE66-40A6-96EA-341A0BEFDAAD}.Release|Any CPU.ActiveCfg = Release|Any CPU
		{800E53F9-FE66-40A6-96EA-341A0BEFDAAD}.Release|Any CPU.Build.0 = Release|Any CPU
		{D603BFA7-A252-4654-8B85-25A2606F4E7B}.Debug|Any CPU.ActiveCfg = Debug|Any CPU
		{D603BFA7-A252-4654-8B85-25A2606F4E7B}.Debug|Any CPU.Build.0 = Debug|Any CPU
		{D603BFA7-A252-4654-8B85-25A2606F4E7B}.Release|Any CPU.ActiveCfg = Release|Any CPU
		{D603BFA7-A252-4654-8B85-25A2606F4E7B}.Release|Any CPU.Build.0 = Release|Any CPU
		{2BA60968-B19E-4987-A1F6-9A1F33C04516}.Debug|Any CPU.ActiveCfg = Debug|Any CPU
		{2BA60968-B19E-4987-A1F6-9A1F33C04516}.Debug|Any CPU.Build.0 = Debug|Any CPU
		{2BA60968-B19E-4987-A1F6-9A1F33C04516}.Release|Any CPU.ActiveCfg = Release|Any CPU
		{2BA60968-B19E-4987-A1F6-9A1F33C04516}.Release|Any CPU.Build.0 = Release|Any CPU
		{372B7846-3431-41C3-B28E-6570CCF17989}.Debug|Any CPU.ActiveCfg = Debug|Any CPU
		{372B7846-3431-41C3-B28E-6570CCF17989}.Debug|Any CPU.Build.0 = Debug|Any CPU
		{372B7846-3431-41C3-B28E-6570CCF17989}.Release|Any CPU.ActiveCfg = Release|Any CPU
		{372B7846-3431-41C3-B28E-6570CCF17989}.Release|Any CPU.Build.0 = Release|Any CPU
		{C99155E6-AA4E-4A15-8CEA-FD8FDADFE4EA}.Debug|Any CPU.ActiveCfg = Debug|Any CPU
		{C99155E6-AA4E-4A15-8CEA-FD8FDADFE4EA}.Debug|Any CPU.Build.0 = Debug|Any CPU
		{C99155E6-AA4E-4A15-8CEA-FD8FDADFE4EA}.Release|Any CPU.ActiveCfg = Release|Any CPU
		{C99155E6-AA4E-4A15-8CEA-FD8FDADFE4EA}.Release|Any CPU.Build.0 = Release|Any CPU
		{BB6FBE09-D387-45D4-B42F-37B594E2433A}.Debug|Any CPU.ActiveCfg = Debug|Any CPU
		{BB6FBE09-D387-45D4-B42F-37B594E2433A}.Debug|Any CPU.Build.0 = Debug|Any CPU
		{BB6FBE09-D387-45D4-B42F-37B594E2433A}.Release|Any CPU.ActiveCfg = Release|Any CPU
		{BB6FBE09-D387-45D4-B42F-37B594E2433A}.Release|Any CPU.Build.0 = Release|Any CPU
	EndGlobalSection
	GlobalSection(SolutionProperties) = preSolution
		HideSolutionNode = FALSE
	EndGlobalSection
EndGlobal
